
Microsoft Visual Studio Solution File, Format Version 11.00
# Visual Studio 2010
Project("{FAE04EC0-301F-11D3-BF4B-00C04F79EFBC}") = "ReportDesign", "ReportDesign\ReportDesign.csproj", "{F12AC2BA-0B66-4F36-9817-9F6421F6B0AC}"
EndProject
Global
	GlobalSection(SolutionConfigurationPlatforms) = preSolution
		Debug|x86 = Debug|x86
		Release|x86 = Release|x86
	EndGlobalSection
	GlobalSection(ProjectConfigurationPlatforms) = postSolution
		{F12AC2BA-0B66-4F36-9817-9F6421F6B0AC}.Debug|x86.ActiveCfg = Debug|x86
		{F12AC2BA-0B66-4F36-9817-9F6421F6B0AC}.Debug|x86.Build.0 = Debug|x86
		{F12AC2BA-0B66-4F36-9817-9F6421F6B0AC}.Release|x86.ActiveCfg = Release|x86
		{F12AC2BA-0B66-4F36-9817-9F6421F6B0AC}.Release|x86.Build.0 = Release|x86
	EndGlobalSection
	GlobalSection(SolutionProperties) = preSolution
		HideSolutionNode = FALSE
	EndGlobalSection
EndGlobal
