
Microsoft Visual Studio Solution File, Format Version 11.00
# Visual Studio 2010
Project("{FAE04EC0-301F-11D3-BF4B-00C04F79EFBC}") = "QwIcDazhuDemo", "QwIcDazhuDemo\QwIcDazhuDemo.csproj", "{BC33A25A-82D0-4BCD-ABE2-8A84C9A59F91}"
EndProject
Global
	GlobalSection(SolutionConfigurationPlatforms) = preSolution
		Debug|Any CPU = Debug|Any CPU
		Debug|Mixed Platforms = Debug|Mixed Platforms
		Debug|x86 = Debug|x86
		Release|Any CPU = Release|Any CPU
		Release|Mixed Platforms = Release|Mixed Platforms
		Release|x86 = Release|x86
	EndGlobalSection
	GlobalSection(ProjectConfigurationPlatforms) = postSolution
		{BC33A25A-82D0-4BCD-ABE2-8A84C9A59F91}.Debug|Any CPU.ActiveCfg = Debug|x86
		{BC33A25A-82D0-4BCD-ABE2-8A84C9A59F91}.Debug|Mixed Platforms.ActiveCfg = Debug|x86
		{BC33A25A-82D0-4BCD-ABE2-8A84C9A59F91}.Debug|Mixed Platforms.Build.0 = Debug|x86
		{BC33A25A-82D0-4BCD-ABE2-8A84C9A59F91}.Debug|x86.ActiveCfg = Debug|x86
		{BC33A25A-82D0-4BCD-ABE2-8A84C9A59F91}.Debug|x86.Build.0 = Debug|x86
		{BC33A25A-82D0-4BCD-ABE2-8A84C9A59F91}.Release|Any CPU.ActiveCfg = Release|x86
		{BC33A25A-82D0-4BCD-ABE2-8A84C9A59F91}.Release|Mixed Platforms.ActiveCfg = Release|x86
		{BC33A25A-82D0-4BCD-ABE2-8A84C9A59F91}.Release|Mixed Platforms.Build.0 = Release|x86
		{BC33A25A-82D0-4BCD-ABE2-8A84C9A59F91}.Release|x86.ActiveCfg = Release|x86
		{BC33A25A-82D0-4BCD-ABE2-8A84C9A59F91}.Release|x86.Build.0 = Release|x86
	EndGlobalSection
	GlobalSection(SolutionProperties) = preSolution
		HideSolutionNode = FALSE
	EndGlobalSection
EndGlobal
